
Microsoft Visual Studio Solution File, Format Version 12.00
# Visual Studio 15
VisualStudioVersion = 15.0.28307.168
MinimumVisualStudioVersion = 10.0.40219.1
Project("{9A19103F-16F7-4668-BE54-9A1E7A4F7556}") = "SlowService", "SlowService\SlowService.csproj", "{95FE95C0-5AED-42C3-814D-E00641519906}"
EndProject
Project("{2150E333-8FDC-42A3-9474-1A3956D46DE8}") = "Solution Items", "Solution Items", "{1CA5A9D6-1C9A-4AAD-831C-DB32E929F66A}"
	ProjectSection(SolutionItems) = preProject
		.gitignore = .gitignore
		LICENSE = LICENSE
		README.md = README.md
	EndProjectSection
EndProject
Global
	GlobalSection(SolutionConfigurationPlatforms) = preSolution
		Debug|Any CPU = Debug|Any CPU
		Release|Any CPU = Release|Any CPU
	EndGlobalSection
	GlobalSection(ProjectConfigurationPlatforms) = postSolution
		{95FE95C0-5AED-42C3-814D-E00641519906}.Debug|Any CPU.ActiveCfg = Debug|Any CPU
		{95FE95C0-5AED-42C3-814D-E00641519906}.Debug|Any CPU.Build.0 = Debug|Any CPU
		{95FE95C0-5AED-42C3-814D-E00641519906}.Release|Any CPU.ActiveCfg = Release|Any CPU
		{95FE95C0-5AED-42C3-814D-E00641519906}.Release|Any CPU.Build.0 = Release|Any CPU
	EndGlobalSection
	GlobalSection(SolutionProperties) = preSolution
		HideSolutionNode = FALSE
	EndGlobalSection
	GlobalSection(ExtensibilityGlobals) = postSolution
		SolutionGuid = {2FBF678D-527F-4472-9B80-F367986E85AC}
	EndGlobalSection
EndGlobal
